{
  "name": "eta-cre-auth-local-js",
  "version": "0.0.1",
  "lockfileVersion": 1,
  "requires": true,
  "dependencies": {
    "@types/bootstrap": {
      "version": "3.3.35",
      "resolved": "https://registry.npmjs.org/@types/bootstrap/-/bootstrap-3.3.35.tgz",
      "integrity": "sha512-ZAAcfmjRE50STkUJle7VEhOODtZ/2NG4l4aMfZsv2Ay+uk3PurF+w/2UCAceN8m6Pk0/oUEUDEgVAcXb+87Mnw==",
      "dev": true,
      "requires": {
        "@types/jquery": "3.2.10"
      }
    },
    "@types/jquery": {
      "version": "3.2.10",
      "resolved": "https://registry.npmjs.org/@types/jquery/-/jquery-3.2.10.tgz",
      "integrity": "sha512-VtD/+VgsQMY+rmibce1HhXeF47eFkbv/D+7BmQdl8yu0Wo2LW1yV69cAPKhFHdW2kmTi9W8nl2GNBz2WQoGFag==",
      "dev": true
    }
  }
}
